
Microsoft Visual Studio Solution File, Format Version 12.00
# Visual Studio Version 17
VisualStudioVersion = 17.2.32630.192
MinimumVisualStudioVersion = 10.0.40219.1
Project("{8BC9CEB8-8B4A-11D0-8D11-00A0C91BC942}") = "TestTask_CPP", "TestTask_CPP\TestTask_CPP.vcxproj", "{49D2F8C2-3581-41E3-8E27-FE357E6A2C0E}"
EndProject
Global
	GlobalSection(SolutionConfigurationPlatforms) = preSolution
		Debug|x64 = Debug|x64
		Debug|x86 = Debug|x86
		Release|x64 = Release|x64
		Release|x86 = Release|x86
	EndGlobalSection
	GlobalSection(ProjectConfigurationPlatforms) = postSolution
		{49D2F8C2-3581-41E3-8E27-FE357E6A2C0E}.Debug|x64.ActiveCfg = Debug|x64
		{49D2F8C2-3581-41E3-8E27-FE357E6A2C0E}.Debug|x64.Build.0 = Debug|x64
		{49D2F8C2-3581-41E3-8E27-FE357E6A2C0E}.Debug|x86.ActiveCfg = Debug|Win32
		{49D2F8C2-3581-41E3-8E27-FE357E6A2C0E}.Debug|x86.Build.0 = Debug|Win32
		{49D2F8C2-3581-41E3-8E27-FE357E6A2C0E}.Release|x64.ActiveCfg = Release|x64
		{49D2F8C2-3581-41E3-8E27-FE357E6A2C0E}.Release|x64.Build.0 = Release|x64
		{49D2F8C2-3581-41E3-8E27-FE357E6A2C0E}.Release|x86.ActiveCfg = Release|Win32
		{49D2F8C2-3581-41E3-8E27-FE357E6A2C0E}.Release|x86.Build.0 = Release|Win32
	EndGlobalSection
	GlobalSection(SolutionProperties) = preSolution
		HideSolutionNode = FALSE
	EndGlobalSection
	GlobalSection(ExtensibilityGlobals) = postSolution
		SolutionGuid = {DCDBCF2B-6A8A-4990-9BA5-BD5EE2A98A03}
	EndGlobalSection
EndGlobal
